// !$*UTF8*$!
{
	archiveVersion = 1;
	classes = {
	};
	objectVersion = 46;
	objects = {

/* Begin PBXBuildFile section */
		C5A71A8218F33E240034D6F7 /* Foundation.framework in Frameworks */ = {isa = PBXBuildFile; fileRef = C5A71A8118F33E240034D6F7 /* Foundation.framework */; };
		C5A71A8418F33E240034D6F7 /* CoreGraphics.framework in Frameworks */ = {isa = PBXBuildFile; fileRef = C5A71A8318F33E240034D6F7 /* CoreGraphics.framework */; };
		C5A71A8618F33E240034D6F7 /* UIKit.framework in Frameworks */ = {isa = PBXBuildFile; fileRef = C5A71A8518F33E240034D6F7 /* UIKit.framework */; };
		C5A71A8C18F33E240034D6F7 /* InfoPlist.strings in Resources */ = {isa = PBXBuildFile; fileRef = C5A71A8A18F33E240034D6F7 /* InfoPlist.strings */; };
		C5A71A8E18F33E240034D6F7 /* main.m in Sources */ = {isa = PBXBuildFile; fileRef = C5A71A8D18F33E240034D6F7 /* main.m */; };
		C5A71A9218F33E240034D6F7 /* OBJAppDelegate.m in Sources */ = {isa = PBXBuildFile; fileRef = C5A71A9118F33E240034D6F7 /* OBJAppDelegate.m */; };
		C5A71A9518F33E240034D6F7 /* Main.storyboard in Resources */ = {isa = PBXBuildFile; fileRef = C5A71A9318F33E240034D6F7 /* Main.storyboard */; };
		C5A71A9818F33E240034D6F7 /* OBJViewController.m in Sources */ = {isa = PBXBuildFile; fileRef = C5A71A9718F33E240034D6F7 /* OBJViewController.m */; };
		C5A71A9A18F33E240034D6F7 /* Images.xcassets in Resources */ = {isa = PBXBuildFile; fileRef = C5A71A9918F33E240034D6F7 /* Images.xcassets */; };
		C5A71AA118F33E240034D6F7 /* XCTest.framework in Frameworks */ = {isa = PBXBuildFile; fileRef = C5A71AA018F33E240034D6F7 /* XCTest.framework */; };
		C5A71AA218F33E240034D6F7 /* Foundation.framework in Frameworks */ = {isa = PBXBuildFile; fileRef = C5A71A8118F33E240034D6F7 /* Foundation.framework */; };
		C5A71AA318F33E240034D6F7 /* UIKit.framework in Frameworks */ = {isa = PBXBuildFile; fileRef = C5A71A8518F33E240034D6F7 /* UIKit.framework */; };
		C5A71AAB18F33E240034D6F7 /* InfoPlist.strings in Resources */ = {isa = PBXBuildFile; fileRef = C5A71AA918F33E240034D6F7 /* InfoPlist.strings */; };
		C5A71AAD18F33E240034D6F7 /* Out_of_this_WorldTests.m in Sources */ = {isa = PBXBuildFile; fileRef = C5A71AAC18F33E240034D6F7 /* Out_of_this_WorldTests.m */; };
/* End PBXBuildFile section */

/* Begin PBXContainerItemProxy section */
		C5A71AA418F33E240034D6F7 /* PBXContainerItemProxy */ = {
			isa = PBXContainerItemProxy;
			containerPortal = C5A71A7618F33E240034D6F7 /* Project object */;
			proxyType = 1;
			remoteGlobalIDString = C5A71A7D18F33E240034D6F7;
			remoteInfo = "Out of this World";
		};
/* End PBXContainerItemProxy section */

/* Begin PBXFileReference section */
		C5A71A7E18F33E240034D6F7 /* Out of this World.app */ = {isa = PBXFileReference; explicitFileType = wrapper.application; includeInIndex = 0; path = "Out of this World.app"; sourceTree = BUILT_PRODUCTS_DIR; };
		C5A71A8118F33E240034D6F7 /* Foundation.framework */ = {isa = PBXFileReference; lastKnownFileType = wrapper.framework; name = Foundation.framework; path = System/Library/Frameworks/Foundation.framework; sourceTree = SDKROOT; };
		C5A71A8318F33E240034D6F7 /* CoreGraphics.framework */ = {isa = PBXFileReference; lastKnownFileType = wrapper.framework; name = CoreGraphics.framework; path = System/Library/Frameworks/CoreGraphics.framework; sourceTree = SDKROOT; };
		C5A71A8518F33E240034D6F7 /* UIKit.framework */ = {isa = PBXFileReference; lastKnownFileType = wrapper.framework; name = UIKit.framework; path = System/Library/Frameworks/UIKit.framework; sourceTree = SDKROOT; };
		C5A71A8918F33E240034D6F7 /* Out of this World-Info.plist */ = {isa = PBXFileReference; lastKnownFileType = text.plist.xml; path = "Out of this World-Info.plist"; sourceTree = "<group>"; };
		C5A71A8B18F33E240034D6F7 /* en */ = {isa = PBXFileReference; lastKnownFileType = text.plist.strings; name = en; path = en.lproj/InfoPlist.strings; sourceTree = "<group>"; };
		C5A71A8D18F33E240034D6F7 /* main.m */ = {isa = PBXFileReference; lastKnownFileType = sourcecode.c.objc; path = main.m; sourceTree = "<group>"; };
		C5A71A8F18F33E240034D6F7 /* Out of this World-Prefix.pch */ = {isa = PBXFileReference; lastKnownFileType = sourcecode.c.h; path = "Out of this World-Prefix.pch"; sourceTree = "<group>"; };
		C5A71A9018F33E240034D6F7 /* OBJAppDelegate.h */ = {isa = PBXFileReference; lastKnownFileType = sourcecode.c.h; path = OBJAppDelegate.h; sourceTree = "<group>"; };
		C5A71A9118F33E240034D6F7 /* OBJAppDelegate.m */ = {isa = PBXFileReference; lastKnownFileType = sourcecode.c.objc; path = OBJAppDelegate.m; sourceTree = "<group>"; };
		C5A71A9418F33E240034D6F7 /* Base */ = {isa = PBXFileReference; lastKnownFileType = file.storyboard; name = Base; path = Base.lproj/Main.storyboard; sourceTree = "<group>"; };
		C5A71A9618F33E240034D6F7 /* OBJViewController.h */ = {isa = PBXFileReference; lastKnownFileType = sourcecode.c.h; path = OBJViewController.h; sourceTree = "<group>"; };
		C5A71A9718F33E240034D6F7 /* OBJViewController.m */ = {isa = PBXFileReference; lastKnownFileType = sourcecode.c.objc; path = OBJViewController.m; sourceTree = "<group>"; };
		C5A71A9918F33E240034D6F7 /* Images.xcassets */ = {isa = PBXFileReference; lastKnownFileType = folder.assetcatalog; path = Images.xcassets; sourceTree = "<group>"; };
		C5A71A9F18F33E240034D6F7 /* Out of this WorldTests.xctest */ = {isa = PBXFileReference; explicitFileType = wrapper.cfbundle; includeInIndex = 0; path = "Out of this WorldTests.xctest"; sourceTree = BUILT_PRODUCTS_DIR; };
		C5A71AA018F33E240034D6F7 /* XCTest.framework */ = {isa = PBXFileReference; lastKnownFileType = wrapper.framework; name = XCTest.framework; path = Library/Frameworks/XCTest.framework; sourceTree = DEVELOPER_DIR; };
		C5A71AA818F33E240034D6F7 /* Out of this WorldTests-Info.plist */ = {isa = PBXFileReference; lastKnownFileType = text.plist.xml; path = "Out of this WorldTests-Info.plist"; sourceTree = "<group>"; };
		C5A71AAA18F33E240034D6F7 /* en */ = {isa = PBXFileReference; lastKnownFileType = text.plist.strings; name = en; path = en.lproj/InfoPlist.strings; sourceTree = "<group>"; };
		C5A71AAC18F33E240034D6F7 /* Out_of_this_WorldTests.m */ = {isa = PBXFileReference; lastKnownFileType = sourcecode.c.objc; path = Out_of_this_WorldTests.m; sourceTree = "<group>"; };
/* End PBXFileReference section */

/* Begin PBXFrameworksBuildPhase section */
		C5A71A7B18F33E240034D6F7 /* Frameworks */ = {
			isa = PBXFrameworksBuildPhase;
			buildActionMask = 2147483647;
			files = (
				C5A71A8418F33E240034D6F7 /* CoreGraphics.framework in Frameworks */,
				C5A71A8618F33E240034D6F7 /* UIKit.framework in Frameworks */,
				C5A71A8218F33E240034D6F7 /* Foundation.framework in Frameworks */,
			);
			runOnlyForDeploymentPostprocessing = 0;
		};
		C5A71A9C18F33E240034D6F7 /* Frameworks */ = {
			isa = PBXFrameworksBuildPhase;
			buildActionMask = 2147483647;
			files = (
				C5A71AA118F33E240034D6F7 /* XCTest.framework in Frameworks */,
				C5A71AA318F33E240034D6F7 /* UIKit.framework in Frameworks */,
				C5A71AA218F33E240034D6F7 /* Foundation.framework in Frameworks */,
			);
			runOnlyForDeploymentPostprocessing = 0;
		};
/* End PBXFrameworksBuildPhase section */

/* Begin PBXGroup section */
		C5A71A7518F33E240034D6F7 = {
			isa = PBXGroup;
			children = (
				C5A71A8718F33E240034D6F7 /* Out of this World */,
				C5A71AA618F33E240034D6F7 /* Out of this WorldTests */,
				C5A71A8018F33E240034D6F7 /* Frameworks */,
				C5A71A7F18F33E240034D6F7 /* Products */,
			);
			sourceTree = "<group>";
		};
		C5A71A7F18F33E240034D6F7 /* Products */ = {
			isa = PBXGroup;
			children = (
				C5A71A7E18F33E240034D6F7 /* Out of this World.app */,
				C5A71A9F18F33E240034D6F7 /* Out of this WorldTests.xctest */,
			);
			name = Products;
			sourceTree = "<group>";
		};
		C5A71A8018F33E240034D6F7 /* Frameworks */ = {
			isa = PBXGroup;
			children = (
				C5A71A8118F33E240034D6F7 /* Foundation.framework */,
				C5A71A8318F33E240034D6F7 /* CoreGraphics.framework */,
				C5A71A8518F33E240034D6F7 /* UIKit.framework */,
				C5A71AA018F33E240034D6F7 /* XCTest.framework */,
			);
			name = Frameworks;
			sourceTree = "<group>";
		};
		C5A71A8718F33E240034D6F7 /* Out of this World */ = {
			isa = PBXGroup;
			children = (
				C5A71A9018F33E240034D6F7 /* OBJAppDelegate.h */,
				C5A71A9118F33E240034D6F7 /* OBJAppDelegate.m */,
				C5A71A9318F33E240034D6F7 /* Main.storyboard */,
				C5A71A9618F33E240034D6F7 /* OBJViewController.h */,
				C5A71A9718F33E240034D6F7 /* OBJViewController.m */,
				C5A71A9918F33E240034D6F7 /* Images.xcassets */,
				C5A71A8818F33E240034D6F7 /* Supporting Files */,
			);
			path = "Out of this World";
			sourceTree = "<group>";
		};
		C5A71A8818F33E240034D6F7 /* Supporting Files */ = {
			isa = PBXGroup;
			children = (
				C5A71A8918F33E240034D6F7 /* Out of this World-Info.plist */,
				C5A71A8A18F33E240034D6F7 /* InfoPlist.strings */,
				C5A71A8D18F33E240034D6F7 /* main.m */,
				C5A71A8F18F33E240034D6F7 /* Out of this World-Prefix.pch */,
			);
			name = "Supporting Files";
			sourceTree = "<group>";
		};
		C5A71AA618F33E240034D6F7 /* Out of this WorldTests */ = {
			isa = PBXGroup;
			children = (
				C5A71AAC18F33E240034D6F7 /* Out_of_this_WorldTests.m */,
				C5A71AA718F33E240034D6F7 /* Supporting Files */,
			);
			path = "Out of this WorldTests";
			sourceTree = "<group>";
		};
		C5A71AA718F33E240034D6F7 /* Supporting Files */ = {
			isa = PBXGroup;
			children = (
				C5A71AA818F33E240034D6F7 /* Out of this WorldTests-Info.plist */,
				C5A71AA918F33E240034D6F7 /* InfoPlist.strings */,
			);
			name = "Supporting Files";
			sourceTree = "<group>";
		};
/* End PBXGroup section */

/* Begin PBXNativeTarget section */
		C5A71A7D18F33E240034D6F7 /* Out of this World */ = {
			isa = PBXNativeTarget;
			buildConfigurationList = C5A71AB018F33E240034D6F7 /* Build configuration list for PBXNativeTarget "Out of this World" */;
			buildPhases = (
				C5A71A7A18F33E240034D6F7 /* Sources */,
				C5A71A7B18F33E240034D6F7 /* Frameworks */,
				C5A71A7C18F33E240034D6F7 /* Resources */,
			);
			buildRules = (
			);
			dependencies = (
			);
			name = "Out of this World";
			productName = "Out of this World";
			productReference = C5A71A7E18F33E240034D6F7 /* Out of this World.app */;
			productType = "com.apple.product-type.application";
		};
		C5A71A9E18F33E240034D6F7 /* Out of this WorldTests */ = {
			isa = PBXNativeTarget;
			buildConfigurationList = C5A71AB318F33E240034D6F7 /* Build configuration list for PBXNativeTarget "Out of this WorldTests" */;
			buildPhases = (
				C5A71A9B18F33E240034D6F7 /* Sources */,
				C5A71A9C18F33E240034D6F7 /* Frameworks */,
				C5A71A9D18F33E240034D6F7 /* Resources */,
			);
			buildRules = (
			);
			dependencies = (
				C5A71AA518F33E240034D6F7 /* PBXTargetDependency */,
			);
			name = "Out of this WorldTests";
			productName = "Out of this WorldTests";
			productReference = C5A71A9F18F33E240034D6F7 /* Out of this WorldTests.xctest */;
			productType = "com.apple.product-type.bundle.unit-test";
		};
/* End PBXNativeTarget section */

/* Begin PBXProject section */
		C5A71A7618F33E240034D6F7 /* Project object */ = {
			isa = PBXProject;
			attributes = {
				CLASSPREFIX = OBJ;
				LastUpgradeCheck = 0510;
				ORGANIZATIONNAME = self.crystal;
				TargetAttributes = {
					C5A71A9E18F33E240034D6F7 = {
						TestTargetID = C5A71A7D18F33E240034D6F7;
					};
				};
			};
			buildConfigurationList = C5A71A7918F33E240034D6F7 /* Build configuration list for PBXProject "Out of this World" */;
			compatibilityVersion = "Xcode 3.2";
			developmentRegion = English;
			hasScannedForEncodings = 0;
			knownRegions = (
				en,
				Base,
			);
			mainGroup = C5A71A7518F33E240034D6F7;
			productRefGroup = C5A71A7F18F33E240034D6F7 /* Products */;
			projectDirPath = "";
			projectRoot = "";
			targets = (
				C5A71A7D18F33E240034D6F7 /* Out of this World */,
				C5A71A9E18F33E240034D6F7 /* Out of this WorldTests */,
			);
		};
/* End PBXProject section */

/* Begin PBXResourcesBuildPhase section */
		C5A71A7C18F33E240034D6F7 /* Resources */ = {
			isa = PBXResourcesBuildPhase;
			buildActionMask = 2147483647;
			files = (
				C5A71A9A18F33E240034D6F7 /* Images.xcassets in Resources */,
				C5A71A8C18F33E240034D6F7 /* InfoPlist.strings in Resources */,
				C5A71A9518F33E240034D6F7 /* Main.storyboard in Resources */,
			);
			runOnlyForDeploymentPostprocessing = 0;
		};
		C5A71A9D18F33E240034D6F7 /* Resources */ = {
			isa = PBXResourcesBuildPhase;
			buildActionMask = 2147483647;
			files = (
				C5A71AAB18F33E240034D6F7 /* InfoPlist.strings in Resources */,
			);
			runOnlyForDeploymentPostprocessing = 0;
		};
/* End PBXResourcesBuildPhase section */

/* Begin PBXSourcesBuildPhase section */
		C5A71A7A18F33E240034D6F7 /* Sources */ = {
			isa = PBXSourcesBuildPhase;
			buildActionMask = 2147483647;
			files = (
				C5A71A9818F33E240034D6F7 /* OBJViewController.m in Sources */,
				C5A71A9218F33E240034D6F7 /* OBJAppDelegate.m in Sources */,
				C5A71A8E18F33E240034D6F7 /* main.m in Sources */,
			);
			runOnlyForDeploymentPostprocessing = 0;
		};
		C5A71A9B18F33E240034D6F7 /* Sources */ = {
			isa = PBXSourcesBuildPhase;
			buildActionMask = 2147483647;
			files = (
				C5A71AAD18F33E240034D6F7 /* Out_of_this_WorldTests.m in Sources */,
			);
			runOnlyForDeploymentPostprocessing = 0;
		};
/* End PBXSourcesBuildPhase section */

/* Begin PBXTargetDependency section */
		C5A71AA518F33E240034D6F7 /* PBXTargetDependency */ = {
			isa = PBXTargetDependency;
			target = C5A71A7D18F33E240034D6F7 /* Out of this World */;
			targetProxy = C5A71AA418F33E240034D6F7 /* PBXContainerItemProxy */;
		};
/* End PBXTargetDependency section */

/* Begin PBXVariantGroup section */
		C5A71A8A18F33E240034D6F7 /* InfoPlist.strings */ = {
			isa = PBXVariantGroup;
			children = (
				C5A71A8B18F33E240034D6F7 /* en */,
			);
			name = InfoPlist.strings;
			sourceTree = "<group>";
		};
		C5A71A9318F33E240034D6F7 /* Main.storyboard */ = {
			isa = PBXVariantGroup;
			children = (
				C5A71A9418F33E240034D6F7 /* Base */,
			);
			name = Main.storyboard;
			sourceTree = "<group>";
		};
		C5A71AA918F33E240034D6F7 /* InfoPlist.strings */ = {
			isa = PBXVariantGroup;
			children = (
				C5A71AAA18F33E240034D6F7 /* en */,
			);
			name = InfoPlist.strings;
			sourceTree = "<group>";
		};
/* End PBXVariantGroup section */

/* Begin XCBuildConfiguration section */
		C5A71AAE18F33E240034D6F7 /* Debug */ = {
			isa = XCBuildConfiguration;
			buildSettings = {
				ALWAYS_SEARCH_USER_PATHS = NO;
				CLANG_CXX_LANGUAGE_STANDARD = "gnu++0x";
				CLANG_CXX_LIBRARY = "libc++";
				CLANG_ENABLE_MODULES = YES;
				CLANG_ENABLE_OBJC_ARC = YES;
				CLANG_WARN_BOOL_CONVERSION = YES;
				CLANG_WARN_CONSTANT_CONVERSION = YES;
				CLANG_WARN_DIRECT_OBJC_ISA_USAGE = YES_ERROR;
				CLANG_WARN_EMPTY_BODY = YES;
				CLANG_WARN_ENUM_CONVERSION = YES;
				CLANG_WARN_INT_CONVERSION = YES;
				CLANG_WARN_OBJC_ROOT_CLASS = YES_ERROR;
				CLANG_WARN__DUPLICATE_METHOD_MATCH = YES;
				"CODE_SIGN_IDENTITY[sdk=iphoneos*]" = "iPhone Developer";
				COPY_PHASE_STRIP = NO;
				GCC_C_LANGUAGE_STANDARD = gnu99;
				GCC_DYNAMIC_NO_PIC = NO;
				GCC_OPTIMIZATION_LEVEL = 0;
				GCC_PREPROCESSOR_DEFINITIONS = (
					"DEBUG=1",
					"$(inherited)",
				);
				GCC_SYMBOLS_PRIVATE_EXTERN = NO;
				GCC_WARN_64_TO_32_BIT_CONVERSION = YES;
				GCC_WARN_ABOUT_RETURN_TYPE = YES_ERROR;
				GCC_WARN_UNDECLARED_SELECTOR = YES;
				GCC_WARN_UNINITIALIZED_AUTOS = YES_AGGRESSIVE;
				GCC_WARN_UNUSED_FUNCTION = YES;
				GCC_WARN_UNUSED_VARIABLE = YES;
				IPHONEOS_DEPLOYMENT_TARGET = 7.1;
				ONLY_ACTIVE_ARCH = YES;
				SDKROOT = iphoneos;
			};
			name = Debug;
		};
		C5A71AAF18F33E240034D6F7 /* Release */ = {
			isa = XCBuildConfiguration;
			buildSettings = {
				ALWAYS_SEARCH_USER_PATHS = NO;
				CLANG_CXX_LANGUAGE_STANDARD = "gnu++0x";
				CLANG_CXX_LIBRARY = "libc++";
				CLANG_ENABLE_MODULES = YES;
				CLANG_ENABLE_OBJC_ARC = YES;
				CLANG_WARN_BOOL_CONVERSION = YES;
				CLANG_WARN_CONSTANT_CONVERSION = YES;
				CLANG_WARN_DIRECT_OBJC_ISA_USAGE = YES_ERROR;
				CLANG_WARN_EMPTY_BODY = YES;
				CLANG_WARN_ENUM_CONVERSION = YES;
				CLANG_WARN_INT_CONVERSION = YES;
				CLANG_WARN_OBJC_ROOT_CLASS = YES_ERROR;
				CLANG_WARN__DUPLICATE_METHOD_MATCH = YES;
				"CODE_SIGN_IDENTITY[sdk=iphoneos*]" = "iPhone Developer";
				COPY_PHASE_STRIP = YES;
				ENABLE_NS_ASSERTIONS = NO;
				GCC_C_LANGUAGE_STANDARD = gnu99;
				GCC_WARN_64_TO_32_BIT_CONVERSION = YES;
				GCC_WARN_ABOUT_RETURN_TYPE = YES_ERROR;
				GCC_WARN_UNDECLARED_SELECTOR = YES;
				GCC_WARN_UNINITIALIZED_AUTOS = YES_AGGRESSIVE;
				GCC_WARN_UNUSED_FUNCTION = YES;
				GCC_WARN_UNUSED_VARIABLE = YES;
				IPHONEOS_DEPLOYMENT_TARGET = 7.1;
				SDKROOT = iphoneos;
				VALIDATE_PRODUCT = YES;
			};
			name = Release;
		};
		C5A71AB118F33E240034D6F7 /* Debug */ = {
			isa = XCBuildConfiguration;
			buildSettings = {
				ASSETCATALOG_COMPILER_APPICON_NAME = AppIcon;
				ASSETCATALOG_COMPILER_LAUNCHIMAGE_NAME = LaunchImage;
				GCC_PRECOMPILE_PREFIX_HEADER = YES;
				GCC_PREFIX_HEADER = "Out of this World/Out of this World-Prefix.pch";
				INFOPLIST_FILE = "Out of this World/Out of this World-Info.plist";
				PRODUCT_NAME = "$(TARGET_NAME)";
				WRAPPER_EXTENSION = app;
			};
			name = Debug;
		};
		C5A71AB218F33E240034D6F7 /* Release */ = {
			isa = XCBuildConfiguration;
			buildSettings = {
				ASSETCATALOG_COMPILER_APPICON_NAME = AppIcon;
				ASSETCATALOG_COMPILER_LAUNCHIMAGE_NAME = LaunchImage;
				GCC_PRECOMPILE_PREFIX_HEADER = YES;
				GCC_PREFIX_HEADER = "Out of this World/Out of this World-Prefix.pch";
				INFOPLIST_FILE = "Out of this World/Out of this World-Info.plist";
				PRODUCT_NAME = "$(TARGET_NAME)";
				WRAPPER_EXTENSION = app;
			};
			name = Release;
		};
		C5A71AB418F33E240034D6F7 /* Debug */ = {
			isa = XCBuildConfiguration;
			buildSettings = {
				BUNDLE_LOADER = "$(BUILT_PRODUCTS_DIR)/Out of this World.app/Out of this World";
				FRAMEWORK_SEARCH_PATHS = (
					"$(SDKROOT)/Developer/Library/Frameworks",
					"$(inherited)",
					"$(DEVELOPER_FRAMEWORKS_DIR)",
				);
				GCC_PRECOMPILE_PREFIX_HEADER = YES;
				GCC_PREFIX_HEADER = "Out of this World/Out of this World-Prefix.pch";
				GCC_PREPROCESSOR_DEFINITIONS = (
					"DEBUG=1",
					"$(inherited)",
				);
				INFOPLIST_FILE = "Out of this WorldTests/Out of this WorldTests-Info.plist";
				PRODUCT_NAME = "$(TARGET_NAME)";
				TEST_HOST = "$(BUNDLE_LOADER)";
				WRAPPER_EXTENSION = xctest;
			};
			name = Debug;
		};
		C5A71AB518F33E240034D6F7 /* Release */ = {
			isa = XCBuildConfiguration;
			buildSettings = {
				BUNDLE_LOADER = "$(BUILT_PRODUCTS_DIR)/Out of this World.app/Out of this World";
				FRAMEWORK_SEARCH_PATHS = (
					"$(SDKROOT)/Developer/Library/Frameworks",
					"$(inherited)",
					"$(DEVELOPER_FRAMEWORKS_DIR)",
				);
				GCC_PRECOMPILE_PREFIX_HEADER = YES;
				GCC_PREFIX_HEADER = "Out of this World/Out of this World-Prefix.pch";
				INFOPLIST_FILE = "Out of this WorldTests/Out of this WorldTests-Info.plist";
				PRODUCT_NAME = "$(TARGET_NAME)";
				TEST_HOST = "$(BUNDLE_LOADER)";
				WRAPPER_EXTENSION = xctest;
			};
			name = Release;
		};
/* End XCBuildConfiguration section */

/* Begin XCConfigurationList section */
		C5A71A7918F33E240034D6F7 /* Build configuration list for PBXProject "Out of this World" */ = {
			isa = XCConfigurationList;
			buildConfigurations = (
				C5A71AAE18F33E240034D6F7 /* Debug */,
				C5A71AAF18F33E240034D6F7 /* Release */,
			);
			defaultConfigurationIsVisible = 0;
			defaultConfigurationName = Release;
		};
		C5A71AB018F33E240034D6F7 /* Build configuration list for PBXNativeTarget "Out of this World" */ = {
			isa = XCConfigurationList;
			buildConfigurations = (
				C5A71AB118F33E240034D6F7 /* Debug */,
				C5A71AB218F33E240034D6F7 /* Release */,
			);
			defaultConfigurationIsVisible = 0;
		};
		C5A71AB318F33E240034D6F7 /* Build configuration list for PBXNativeTarget "Out of this WorldTests" */ = {
			isa = XCConfigurationList;
			buildConfigurations = (
				C5A71AB418F33E240034D6F7 /* Debug */,
				C5A71AB518F33E240034D6F7 /* Release */,
			);
			defaultConfigurationIsVisible = 0;
		};
/* End XCConfigurationList section */
	};
	rootObject = C5A71A7618F33E240034D6F7 /* Project object */;
}
